// !$*UTF8*$!
{
	archiveVersion = 1;
	classes = {
	};
	objectVersion = 55;
	objects = {

/* Begin PBXBuildFile section */
		270F091321C617CD6A143778 /* Pods_Flix.framework in Frameworks */ = {isa = PBXBuildFile; fileRef = DC0EA3414571ED92971485AD /* Pods_Flix.framework */; };
		6584E3DE28CA60A000C2CF23 /* AppDelegate.swift in Sources */ = {isa = PBXBuildFile; fileRef = 6584E3DD28CA60A000C2CF23 /* AppDelegate.swift */; };
		6584E3E028CA60A000C2CF23 /* SceneDelegate.swift in Sources */ = {isa = PBXBuildFile; fileRef = 6584E3DF28CA60A000C2CF23 /* SceneDelegate.swift */; };
		6584E3E228CA60A000C2CF23 /* ViewController.swift in Sources */ = {isa = PBXBuildFile; fileRef = 6584E3E128CA60A000C2CF23 /* ViewController.swift */; };
		6584E3E528CA60A000C2CF23 /* Main.storyboard in Resources */ = {isa = PBXBuildFile; fileRef = 6584E3E328CA60A000C2CF23 /* Main.storyboard */; };
		6584E3E728CA60A300C2CF23 /* Assets.xcassets in Resources */ = {isa = PBXBuildFile; fileRef = 6584E3E628CA60A300C2CF23 /* Assets.xcassets */; };
		6584E3EA28CA60A300C2CF23 /* LaunchScreen.storyboard in Resources */ = {isa = PBXBuildFile; fileRef = 6584E3E828CA60A300C2CF23 /* LaunchScreen.storyboard */; };
		6584E3F528CA60A300C2CF23 /* FlixTests.swift in Sources */ = {isa = PBXBuildFile; fileRef = 6584E3F428CA60A300C2CF23 /* FlixTests.swift */; };
		6584E3FF28CA60A300C2CF23 /* FlixUITests.swift in Sources */ = {isa = PBXBuildFile; fileRef = 6584E3FE28CA60A300C2CF23 /* FlixUITests.swift */; };
		6584E40128CA60A300C2CF23 /* FlixUITestsLaunchTests.swift in Sources */ = {isa = PBXBuildFile; fileRef = 6584E40028CA60A300C2CF23 /* FlixUITestsLaunchTests.swift */; };
		65F8FB2928CC22E100910B07 /* MovieCell.swift in Sources */ = {isa = PBXBuildFile; fileRef = 65F8FB2828CC22E100910B07 /* MovieCell.swift */; };
		65F8FB2C28CC2F5600910B07 /* AlamofireImage in Frameworks */ = {isa = PBXBuildFile; productRef = 65F8FB2B28CC2F5600910B07 /* AlamofireImage */; };
		945BA41B4CD21453A4810C20 /* Pods_Flix_FlixUITests.framework in Frameworks */ = {isa = PBXBuildFile; fileRef = 87E44263B0B860AF0265309D /* Pods_Flix_FlixUITests.framework */; };
		E16325C0D82A63F46E58B045 /* Pods_FlixTests.framework in Frameworks */ = {isa = PBXBuildFile; fileRef = 2F8EE1AFB4E0272E77AD08B2 /* Pods_FlixTests.framework */; };
/* End PBXBuildFile section */

/* Begin PBXContainerItemProxy section */
		6584E3F128CA60A300C2CF23 /* PBXContainerItemProxy */ = {
			isa = PBXContainerItemProxy;
			containerPortal = 6584E3D228CA60A000C2CF23 /* Project object */;
			proxyType = 1;
			remoteGlobalIDString = 6584E3D928CA60A000C2CF23;
			remoteInfo = Flix;
		};
		6584E3FB28CA60A300C2CF23 /* PBXContainerItemProxy */ = {
			isa = PBXContainerItemProxy;
			containerPortal = 6584E3D228CA60A000C2CF23 /* Project object */;
			proxyType = 1;
			remoteGlobalIDString = 6584E3D928CA60A000C2CF23;
			remoteInfo = Flix;
		};
/* End PBXContainerItemProxy section */

/* Begin PBXFileReference section */
		1A150828126DF0BA45D6CE9D /* Pods-FlixTests.debug.xcconfig */ = {isa = PBXFileReference; includeInIndex = 1; lastKnownFileType = text.xcconfig; name = "Pods-FlixTests.debug.xcconfig"; path = "Target Support Files/Pods-FlixTests/Pods-FlixTests.debug.xcconfig"; sourceTree = "<group>"; };
		23D175AFD3751F83901B79B5 /* Pods-Flix-FlixUITests.debug.xcconfig */ = {isa = PBXFileReference; includeInIndex = 1; lastKnownFileType = text.xcconfig; name = "Pods-Flix-FlixUITests.debug.xcconfig"; path = "Target Support Files/Pods-Flix-FlixUITests/Pods-Flix-FlixUITests.debug.xcconfig"; sourceTree = "<group>"; };
		2F8EE1AFB4E0272E77AD08B2 /* Pods_FlixTests.framework */ = {isa = PBXFileReference; explicitFileType = wrapper.framework; includeInIndex = 0; path = Pods_FlixTests.framework; sourceTree = BUILT_PRODUCTS_DIR; };
		6584E3DA28CA60A000C2CF23 /* Flix.app */ = {isa = PBXFileReference; explicitFileType = wrapper.application; includeInIndex = 0; path = Flix.app; sourceTree = BUILT_PRODUCTS_DIR; };
		6584E3DD28CA60A000C2CF23 /* AppDelegate.swift */ = {isa = PBXFileReference; lastKnownFileType = sourcecode.swift; path = AppDelegate.swift; sourceTree = "<group>"; };
		6584E3DF28CA60A000C2CF23 /* SceneDelegate.swift */ = {isa = PBXFileReference; lastKnownFileType = sourcecode.swift; path = SceneDelegate.swift; sourceTree = "<group>"; };
		6584E3E128CA60A000C2CF23 /* ViewController.swift */ = {isa = PBXFileReference; lastKnownFileType = sourcecode.swift; path = ViewController.swift; sourceTree = "<group>"; };
		6584E3E428CA60A000C2CF23 /* Base */ = {isa = PBXFileReference; lastKnownFileType = file.storyboard; name = Base; path = Base.lproj/Main.storyboard; sourceTree = "<group>"; };
		6584E3E628CA60A300C2CF23 /* Assets.xcassets */ = {isa = PBXFileReference; lastKnownFileType = folder.assetcatalog; path = Assets.xcassets; sourceTree = "<group>"; };
		6584E3E928CA60A300C2CF23 /* Base */ = {isa = PBXFileReference; lastKnownFileType = file.storyboard; name = Base; path = Base.lproj/LaunchScreen.storyboard; sourceTree = "<group>"; };
		6584E3EB28CA60A300C2CF23 /* Info.plist */ = {isa = PBXFileReference; lastKnownFileType = text.plist.xml; path = Info.plist; sourceTree = "<group>"; };
		6584E3F028CA60A300C2CF23 /* FlixTests.xctest */ = {isa = PBXFileReference; explicitFileType = wrapper.cfbundle; includeInIndex = 0; path = FlixTests.xctest; sourceTree = BUILT_PRODUCTS_DIR; };
		6584E3F428CA60A300C2CF23 /* FlixTests.swift */ = {isa = PBXFileReference; lastKnownFileType = sourcecode.swift; path = FlixTests.swift; sourceTree = "<group>"; };
		6584E3FA28CA60A300C2CF23 /* FlixUITests.xctest */ = {isa = PBXFileReference; explicitFileType = wrapper.cfbundle; includeInIndex = 0; path = FlixUITests.xctest; sourceTree = BUILT_PRODUCTS_DIR; };
		6584E3FE28CA60A300C2CF23 /* FlixUITests.swift */ = {isa = PBXFileReference; lastKnownFileType = sourcecode.swift; path = FlixUITests.swift; sourceTree = "<group>"; };
		6584E40028CA60A300C2CF23 /* FlixUITestsLaunchTests.swift */ = {isa = PBXFileReference; lastKnownFileType = sourcecode.swift; path = FlixUITestsLaunchTests.swift; sourceTree = "<group>"; };
		65F8FB2828CC22E100910B07 /* MovieCell.swift */ = {isa = PBXFileReference; lastKnownFileType = sourcecode.swift; path = MovieCell.swift; sourceTree = "<group>"; };
		87E44263B0B860AF0265309D /* Pods_Flix_FlixUITests.framework */ = {isa = PBXFileReference; explicitFileType = wrapper.framework; includeInIndex = 0; path = Pods_Flix_FlixUITests.framework; sourceTree = BUILT_PRODUCTS_DIR; };
		A8F0DE037D73689C5DC70B56 /* Pods-FlixTests.release.xcconfig */ = {isa = PBXFileReference; includeInIndex = 1; lastKnownFileType = text.xcconfig; name = "Pods-FlixTests.release.xcconfig"; path = "Target Support Files/Pods-FlixTests/Pods-FlixTests.release.xcconfig"; sourceTree = "<group>"; };
		BA4CCE258CC2C02A932C5F56 /* Pods-Flix.release.xcconfig */ = {isa = PBXFileReference; includeInIndex = 1; lastKnownFileType = text.xcconfig; name = "Pods-Flix.release.xcconfig"; path = "Target Support Files/Pods-Flix/Pods-Flix.release.xcconfig"; sourceTree = "<group>"; };
		D9F7F23F8AB8EEF62E36BBC5 /* Pods-Flix.debug.xcconfig */ = {isa = PBXFileReference; includeInIndex = 1; lastKnownFileType = text.xcconfig; name = "Pods-Flix.debug.xcconfig"; path = "Target Support Files/Pods-Flix/Pods-Flix.debug.xcconfig"; sourceTree = "<group>"; };
		DC0EA3414571ED92971485AD /* Pods_Flix.framework */ = {isa = PBXFileReference; explicitFileType = wrapper.framework; includeInIndex = 0; path = Pods_Flix.framework; sourceTree = BUILT_PRODUCTS_DIR; };
		EA64F4A1B8ABD472EFCF03E9 /* Pods-Flix-FlixUITests.release.xcconfig */ = {isa = PBXFileReference; includeInIndex = 1; lastKnownFileType = text.xcconfig; name = "Pods-Flix-FlixUITests.release.xcconfig"; path = "Target Support Files/Pods-Flix-FlixUITests/Pods-Flix-FlixUITests.release.xcconfig"; sourceTree = "<group>"; };
/* End PBXFileReference section */

/* Begin PBXFrameworksBuildPhase section */
		6584E3D728CA60A000C2CF23 /* Frameworks */ = {
			isa = PBXFrameworksBuildPhase;
			buildActionMask = 2147483647;
			files = (
				65F8FB2C28CC2F5600910B07 /* AlamofireImage in Frameworks */,
				270F091321C617CD6A143778 /* Pods_Flix.framework in Frameworks */,
			);
			runOnlyForDeploymentPostprocessing = 0;
		};
		6584E3ED28CA60A300C2CF23 /* Frameworks */ = {
			isa = PBXFrameworksBuildPhase;
			buildActionMask = 2147483647;
			files = (
				E16325C0D82A63F46E58B045 /* Pods_FlixTests.framework in Frameworks */,
			);
			runOnlyForDeploymentPostprocessing = 0;
		};
		6584E3F728CA60A300C2CF23 /* Frameworks */ = {
			isa = PBXFrameworksBuildPhase;
			buildActionMask = 2147483647;
			files = (
				945BA41B4CD21453A4810C20 /* Pods_Flix_FlixUITests.framework in Frameworks */,
			);
			runOnlyForDeploymentPostprocessing = 0;
		};
/* End PBXFrameworksBuildPhase section */

/* Begin PBXGroup section */
		6584E3D128CA60A000C2CF23 = {
			isa = PBXGroup;
			children = (
				6584E3DC28CA60A000C2CF23 /* Flix */,
				6584E3F328CA60A300C2CF23 /* FlixTests */,
				6584E3FD28CA60A300C2CF23 /* FlixUITests */,
				6584E3DB28CA60A000C2CF23 /* Products */,
				C1CE550E8CDB45F2DECBFB7D /* Pods */,
				D4D927D166B540B54B57D563 /* Frameworks */,
			);
			sourceTree = "<group>";
		};
		6584E3DB28CA60A000C2CF23 /* Products */ = {
			isa = PBXGroup;
			children = (
				6584E3DA28CA60A000C2CF23 /* Flix.app */,
				6584E3F028CA60A300C2CF23 /* FlixTests.xctest */,
				6584E3FA28CA60A300C2CF23 /* FlixUITests.xctest */,
			);
			name = Products;
			sourceTree = "<group>";
		};
		6584E3DC28CA60A000C2CF23 /* Flix */ = {
			isa = PBXGroup;
			children = (
				6584E3DD28CA60A000C2CF23 /* AppDelegate.swift */,
				6584E3DF28CA60A000C2CF23 /* SceneDelegate.swift */,
				6584E3E128CA60A000C2CF23 /* ViewController.swift */,
				6584E3E328CA60A000C2CF23 /* Main.storyboard */,
				65F8FB2828CC22E100910B07 /* MovieCell.swift */,
				6584E3E628CA60A300C2CF23 /* Assets.xcassets */,
				6584E3E828CA60A300C2CF23 /* LaunchScreen.storyboard */,
				6584E3EB28CA60A300C2CF23 /* Info.plist */,
			);
			path = Flix;
			sourceTree = "<group>";
		};
		6584E3F328CA60A300C2CF23 /* FlixTests */ = {
			isa = PBXGroup;
			children = (
				6584E3F428CA60A300C2CF23 /* FlixTests.swift */,
			);
			path = FlixTests;
			sourceTree = "<group>";
		};
		6584E3FD28CA60A300C2CF23 /* FlixUITests */ = {
			isa = PBXGroup;
			children = (
				6584E3FE28CA60A300C2CF23 /* FlixUITests.swift */,
				6584E40028CA60A300C2CF23 /* FlixUITestsLaunchTests.swift */,
			);
			path = FlixUITests;
			sourceTree = "<group>";
		};
		C1CE550E8CDB45F2DECBFB7D /* Pods */ = {
			isa = PBXGroup;
			children = (
				D9F7F23F8AB8EEF62E36BBC5 /* Pods-Flix.debug.xcconfig */,
				BA4CCE258CC2C02A932C5F56 /* Pods-Flix.release.xcconfig */,
				23D175AFD3751F83901B79B5 /* Pods-Flix-FlixUITests.debug.xcconfig */,
				EA64F4A1B8ABD472EFCF03E9 /* Pods-Flix-FlixUITests.release.xcconfig */,
				1A150828126DF0BA45D6CE9D /* Pods-FlixTests.debug.xcconfig */,
				A8F0DE037D73689C5DC70B56 /* Pods-FlixTests.release.xcconfig */,
			);
			name = Pods;
			path = Pods;
			sourceTree = "<group>";
		};
		D4D927D166B540B54B57D563 /* Frameworks */ = {
			isa = PBXGroup;
			children = (
				DC0EA3414571ED92971485AD /* Pods_Flix.framework */,
				87E44263B0B860AF0265309D /* Pods_Flix_FlixUITests.framework */,
				2F8EE1AFB4E0272E77AD08B2 /* Pods_FlixTests.framework */,
			);
			name = Frameworks;
			sourceTree = "<group>";
		};
/* End PBXGroup section */

/* Begin PBXNativeTarget section */
		6584E3D928CA60A000C2CF23 /* Flix */ = {
			isa = PBXNativeTarget;
			buildConfigurationList = 6584E40428CA60A300C2CF23 /* Build configuration list for PBXNativeTarget "Flix" */;
			buildPhases = (
				FC83701E78171741897B32A8 /* [CP] Check Pods Manifest.lock */,
				6584E3D628CA60A000C2CF23 /* Sources */,
				6584E3D728CA60A000C2CF23 /* Frameworks */,
				6584E3D828CA60A000C2CF23 /* Resources */,
				2ADB13B4E2038702D61D08CE /* [CP] Embed Pods Frameworks */,
			);
			buildRules = (
			);
			dependencies = (
			);
			name = Flix;
			packageProductDependencies = (
				65F8FB2B28CC2F5600910B07 /* AlamofireImage */,
			);
			productName = Flix;
			productReference = 6584E3DA28CA60A000C2CF23 /* Flix.app */;
			productType = "com.apple.product-type.application";
		};
		6584E3EF28CA60A300C2CF23 /* FlixTests */ = {
			isa = PBXNativeTarget;
			buildConfigurationList = 6584E40728CA60A300C2CF23 /* Build configuration list for PBXNativeTarget "FlixTests" */;
			buildPhases = (
				02E64E34B65B782552A7ABB8 /* [CP] Check Pods Manifest.lock */,
				6584E3EC28CA60A300C2CF23 /* Sources */,
				6584E3ED28CA60A300C2CF23 /* Frameworks */,
				6584E3EE28CA60A300C2CF23 /* Resources */,
			);
			buildRules = (
			);
			dependencies = (
				6584E3F228CA60A300C2CF23 /* PBXTargetDependency */,
			);
			name = FlixTests;
			productName = FlixTests;
			productReference = 6584E3F028CA60A300C2CF23 /* FlixTests.xctest */;
			productType = "com.apple.product-type.bundle.unit-test";
		};
		6584E3F928CA60A300C2CF23 /* FlixUITests */ = {
			isa = PBXNativeTarget;
			buildConfigurationList = 6584E40A28CA60A300C2CF23 /* Build configuration list for PBXNativeTarget "FlixUITests" */;
			buildPhases = (
				49A557DF4877BAAAC99E1325 /* [CP] Check Pods Manifest.lock */,
				6584E3F628CA60A300C2CF23 /* Sources */,
				6584E3F728CA60A300C2CF23 /* Frameworks */,
				6584E3F828CA60A300C2CF23 /* Resources */,
				79A89A030697A39C0139B687 /* [CP] Embed Pods Frameworks */,
			);
			buildRules = (
			);
			dependencies = (
				6584E3FC28CA60A300C2CF23 /* PBXTargetDependency */,
			);
			name = FlixUITests;
			productName = FlixUITests;
			productReference = 6584E3FA28CA60A300C2CF23 /* FlixUITests.xctest */;
			productType = "com.apple.product-type.bundle.ui-testing";
		};
/* End PBXNativeTarget section */

/* Begin PBXProject section */
		6584E3D228CA60A000C2CF23 /* Project object */ = {
			isa = PBXProject;
			attributes = {
				BuildIndependentTargetsInParallel = 1;
				LastSwiftUpdateCheck = 1340;
				LastUpgradeCheck = 1340;
				TargetAttributes = {
					6584E3D928CA60A000C2CF23 = {
						CreatedOnToolsVersion = 13.4.1;
					};
					6584E3EF28CA60A300C2CF23 = {
						CreatedOnToolsVersion = 13.4.1;
						TestTargetID = 6584E3D928CA60A000C2CF23;
					};
					6584E3F928CA60A300C2CF23 = {
						CreatedOnToolsVersion = 13.4.1;
						TestTargetID = 6584E3D928CA60A000C2CF23;
					};
				};
			};
			buildConfigurationList = 6584E3D528CA60A000C2CF23 /* Build configuration list for PBXProject "Flix" */;
			compatibilityVersion = "Xcode 13.0";
			developmentRegion = en;
			hasScannedForEncodings = 0;
			knownRegions = (
				en,
				Base,
			);
			mainGroup = 6584E3D128CA60A000C2CF23;
			packageReferences = (
				65F8FB2A28CC2F5600910B07 /* XCRemoteSwiftPackageReference "AlamofireImage" */,
			);
			productRefGroup = 6584E3DB28CA60A000C2CF23 /* Products */;
			projectDirPath = "";
			projectRoot = "";
			targets = (
				6584E3D928CA60A000C2CF23 /* Flix */,
				6584E3EF28CA60A300C2CF23 /* FlixTests */,
				6584E3F928CA60A300C2CF23 /* FlixUITests */,
			);
		};
/* End PBXProject section */

/* Begin PBXResourcesBuildPhase section */
		6584E3D828CA60A000C2CF23 /* Resources */ = {
			isa = PBXResourcesBuildPhase;
			buildActionMask = 2147483647;
			files = (
				6584E3EA28CA60A300C2CF23 /* LaunchScreen.storyboard in Resources */,
				6584E3E728CA60A300C2CF23 /* Assets.xcassets in Resources */,
				6584E3E528CA60A000C2CF23 /* Main.storyboard in Resources */,
			);
			runOnlyForDeploymentPostprocessing = 0;
		};
		6584E3EE28CA60A300C2CF23 /* Resources */ = {
			isa = PBXResourcesBuildPhase;
			buildActionMask = 2147483647;
			files = (
			);
			runOnlyForDeploymentPostprocessing = 0;
		};
		6584E3F828CA60A300C2CF23 /* Resources */ = {
			isa = PBXResourcesBuildPhase;
			buildActionMask = 2147483647;
			files = (
			);
			runOnlyForDeploymentPostprocessing = 0;
		};
/* End PBXResourcesBuildPhase section */

/* Begin PBXShellScriptBuildPhase section */
		02E64E34B65B782552A7ABB8 /* [CP] Check Pods Manifest.lock */ = {
			isa = PBXShellScriptBuildPhase;
			buildActionMask = 2147483647;
			files = (
			);
			inputFileListPaths = (
			);
			inputPaths = (
				"${PODS_PODFILE_DIR_PATH}/Podfile.lock",
				"${PODS_ROOT}/Manifest.lock",
			);
			name = "[CP] Check Pods Manifest.lock";
			outputFileListPaths = (
			);
			outputPaths = (
				"$(DERIVED_FILE_DIR)/Pods-FlixTests-checkManifestLockResult.txt",
			);
			runOnlyForDeploymentPostprocessing = 0;
			shellPath = /bin/sh;
			shellScript = "diff \"${PODS_PODFILE_DIR_PATH}/Podfile.lock\" \"${PODS_ROOT}/Manifest.lock\" > /dev/null\nif [ $? != 0 ] ; then\n    # print error to STDERR\n    echo \"error: The sandbox is not in sync with the Podfile.lock. Run 'pod install' or update your CocoaPods installation.\" >&2\n    exit 1\nfi\n# This output is used by Xcode 'outputs' to avoid re-running this script phase.\necho \"SUCCESS\" > \"${SCRIPT_OUTPUT_FILE_0}\"\n";
			showEnvVarsInLog = 0;
		};
		2ADB13B4E2038702D61D08CE /* [CP] Embed Pods Frameworks */ = {
			isa = PBXShellScriptBuildPhase;
			buildActionMask = 2147483647;
			files = (
			);
			inputFileListPaths = (
				"${PODS_ROOT}/Target Support Files/Pods-Flix/Pods-Flix-frameworks-${CONFIGURATION}-input-files.xcfilelist",
			);
			name = "[CP] Embed Pods Frameworks";
			outputFileListPaths = (
				"${PODS_ROOT}/Target Support Files/Pods-Flix/Pods-Flix-frameworks-${CONFIGURATION}-output-files.xcfilelist",
			);
			runOnlyForDeploymentPostprocessing = 0;
			shellPath = /bin/sh;
			shellScript = "\"${PODS_ROOT}/Target Support Files/Pods-Flix/Pods-Flix-frameworks.sh\"\n";
			showEnvVarsInLog = 0;
		};
		49A557DF4877BAAAC99E1325 /* [CP] Check Pods Manifest.lock */ = {
			isa = PBXShellScriptBuildPhase;
			buildActionMask = 2147483647;
			files = (
			);
			inputFileListPaths = (
			);
			inputPaths = (
				"${PODS_PODFILE_DIR_PATH}/Podfile.lock",
				"${PODS_ROOT}/Manifest.lock",
			);
			name = "[CP] Check Pods Manifest.lock";
			outputFileListPaths = (
			);
			outputPaths = (
				"$(DERIVED_FILE_DIR)/Pods-Flix-FlixUITests-checkManifestLockResult.txt",
			);
			runOnlyForDeploymentPostprocessing = 0;
			shellPath = /bin/sh;
			shellScript = "diff \"${PODS_PODFILE_DIR_PATH}/Podfile.lock\" \"${PODS_ROOT}/Manifest.lock\" > /dev/null\nif [ $? != 0 ] ; then\n    # print error to STDERR\n    echo \"error: The sandbox is not in sync with the Podfile.lock. Run 'pod install' or update your CocoaPods installation.\" >&2\n    exit 1\nfi\n# This output is used by Xcode 'outputs' to avoid re-running this script phase.\necho \"SUCCESS\" > \"${SCRIPT_OUTPUT_FILE_0}\"\n";
			showEnvVarsInLog = 0;
		};
		79A89A030697A39C0139B687 /* [CP] Embed Pods Frameworks */ = {
			isa = PBXShellScriptBuildPhase;
			buildActionMask = 2147483647;
			files = (
			);
			inputFileListPaths = (
				"${PODS_ROOT}/Target Support Files/Pods-Flix-FlixUITests/Pods-Flix-FlixUITests-frameworks-${CONFIGURATION}-input-files.xcfilelist",
			);
			name = "[CP] Embed Pods Frameworks";
			outputFileListPaths = (
				"${PODS_ROOT}/Target Support Files/Pods-Flix-FlixUITests/Pods-Flix-FlixUITests-frameworks-${CONFIGURATION}-output-files.xcfilelist",
			);
			runOnlyForDeploymentPostprocessing = 0;
			shellPath = /bin/sh;
			shellScript = "\"${PODS_ROOT}/Target Support Files/Pods-Flix-FlixUITests/Pods-Flix-FlixUITests-frameworks.sh\"\n";
			showEnvVarsInLog = 0;
		};
		FC83701E78171741897B32A8 /* [CP] Check Pods Manifest.lock */ = {
			isa = PBXShellScriptBuildPhase;
			buildActionMask = 2147483647;
			files = (
			);
			inputFileListPaths = (
			);
			inputPaths = (
				"${PODS_PODFILE_DIR_PATH}/Podfile.lock",
				"${PODS_ROOT}/Manifest.lock",
			);
			name = "[CP] Check Pods Manifest.lock";
			outputFileListPaths = (
			);
			outputPaths = (
				"$(DERIVED_FILE_DIR)/Pods-Flix-checkManifestLockResult.txt",
			);
			runOnlyForDeploymentPostprocessing = 0;
			shellPath = /bin/sh;
			shellScript = "diff \"${PODS_PODFILE_DIR_PATH}/Podfile.lock\" \"${PODS_ROOT}/Manifest.lock\" > /dev/null\nif [ $? != 0 ] ; then\n    # print error to STDERR\n    echo \"error: The sandbox is not in sync with the Podfile.lock. Run 'pod install' or update your CocoaPods installation.\" >&2\n    exit 1\nfi\n# This output is used by Xcode 'outputs' to avoid re-running this script phase.\necho \"SUCCESS\" > \"${SCRIPT_OUTPUT_FILE_0}\"\n";
			showEnvVarsInLog = 0;
		};
/* End PBXShellScriptBuildPhase section */

/* Begin PBXSourcesBuildPhase section */
		6584E3D628CA60A000C2CF23 /* Sources */ = {
			isa = PBXSourcesBuildPhase;
			buildActionMask = 2147483647;
			files = (
				6584E3E228CA60A000C2CF23 /* ViewController.swift in Sources */,
				6584E3DE28CA60A000C2CF23 /* AppDelegate.swift in Sources */,
				65F8FB2928CC22E100910B07 /* MovieCell.swift in Sources */,
				6584E3E028CA60A000C2CF23 /* SceneDelegate.swift in Sources */,
			);
			runOnlyForDeploymentPostprocessing = 0;
		};
		6584E3EC28CA60A300C2CF23 /* Sources */ = {
			isa = PBXSourcesBuildPhase;
			buildActionMask = 2147483647;
			files = (
				6584E3F528CA60A300C2CF23 /* FlixTests.swift in Sources */,
			);
			runOnlyForDeploymentPostprocessing = 0;
		};
		6584E3F628CA60A300C2CF23 /* Sources */ = {
			isa = PBXSourcesBuildPhase;
			buildActionMask = 2147483647;
			files = (
				6584E3FF28CA60A300C2CF23 /* FlixUITests.swift in Sources */,
				6584E40128CA60A300C2CF23 /* FlixUITestsLaunchTests.swift in Sources */,
			);
			runOnlyForDeploymentPostprocessing = 0;
		};
/* End PBXSourcesBuildPhase section */

/* Begin PBXTargetDependency section */
		6584E3F228CA60A300C2CF23 /* PBXTargetDependency */ = {
			isa = PBXTargetDependency;
			target = 6584E3D928CA60A000C2CF23 /* Flix */;
			targetProxy = 6584E3F128CA60A300C2CF23 /* PBXContainerItemProxy */;
		};
		6584E3FC28CA60A300C2CF23 /* PBXTargetDependency */ = {
			isa = PBXTargetDependency;
			target = 6584E3D928CA60A000C2CF23 /* Flix */;
			targetProxy = 6584E3FB28CA60A300C2CF23 /* PBXContainerItemProxy */;
		};
/* End PBXTargetDependency section */

/* Begin PBXVariantGroup section */
		6584E3E328CA60A000C2CF23 /* Main.storyboard */ = {
			isa = PBXVariantGroup;
			children = (
				6584E3E428CA60A000C2CF23 /* Base */,
			);
			name = Main.storyboard;
			sourceTree = "<group>";
		};
		6584E3E828CA60A300C2CF23 /* LaunchScreen.storyboard */ = {
			isa = PBXVariantGroup;
			children = (
				6584E3E928CA60A300C2CF23 /* Base */,
			);
			name = LaunchScreen.storyboard;
			sourceTree = "<group>";
		};
/* End PBXVariantGroup section */

/* Begin XCBuildConfiguration section */
		6584E40228CA60A300C2CF23 /* Debug */ = {
			isa = XCBuildConfiguration;
			buildSettings = {
				ALWAYS_SEARCH_USER_PATHS = NO;
				CLANG_ANALYZER_NONNULL = YES;
				CLANG_ANALYZER_NUMBER_OBJECT_CONVERSION = YES_AGGRESSIVE;
				CLANG_CXX_LANGUAGE_STANDARD = "gnu++17";
				CLANG_ENABLE_MODULES = YES;
				CLANG_ENABLE_OBJC_ARC = YES;
				CLANG_ENABLE_OBJC_WEAK = YES;
				CLANG_WARN_BLOCK_CAPTURE_AUTORELEASING = YES;
				CLANG_WARN_BOOL_CONVERSION = YES;
				CLANG_WARN_COMMA = YES;
				CLANG_WARN_CONSTANT_CONVERSION = YES;
				CLANG_WARN_DEPRECATED_OBJC_IMPLEMENTATIONS = YES;
				CLANG_WARN_DIRECT_OBJC_ISA_USAGE = YES_ERROR;
				CLANG_WARN_DOCUMENTATION_COMMENTS = YES;
				CLANG_WARN_EMPTY_BODY = YES;
				CLANG_WARN_ENUM_CONVERSION = YES;
				CLANG_WARN_INFINITE_RECURSION = YES;
				CLANG_WARN_INT_CONVERSION = YES;
				CLANG_WARN_NON_LITERAL_NULL_CONVERSION = YES;
				CLANG_WARN_OBJC_IMPLICIT_RETAIN_SELF = YES;
				CLANG_WARN_OBJC_LITERAL_CONVERSION = YES;
				CLANG_WARN_OBJC_ROOT_CLASS = YES_ERROR;
				CLANG_WARN_QUOTED_INCLUDE_IN_FRAMEWORK_HEADER = YES;
				CLANG_WARN_RANGE_LOOP_ANALYSIS = YES;
				CLANG_WARN_STRICT_PROTOTYPES = YES;
				CLANG_WARN_SUSPICIOUS_MOVE = YES;
				CLANG_WARN_UNGUARDED_AVAILABILITY = YES_AGGRESSIVE;
				CLANG_WARN_UNREACHABLE_CODE = YES;
				CLANG_WARN__DUPLICATE_METHOD_MATCH = YES;
				COPY_PHASE_STRIP = NO;
				DEBUG_INFORMATION_FORMAT = dwarf;
				ENABLE_STRICT_OBJC_MSGSEND = YES;
				ENABLE_TESTABILITY = YES;
				GCC_C_LANGUAGE_STANDARD = gnu11;
				GCC_DYNAMIC_NO_PIC = NO;
				GCC_NO_COMMON_BLOCKS = YES;
				GCC_OPTIMIZATION_LEVEL = 0;
				GCC_PREPROCESSOR_DEFINITIONS = (
					"DEBUG=1",
					"$(inherited)",
				);
				GCC_WARN_64_TO_32_BIT_CONVERSION = YES;
				GCC_WARN_ABOUT_RETURN_TYPE = YES_ERROR;
				GCC_WARN_UNDECLARED_SELECTOR = YES;
				GCC_WARN_UNINITIALIZED_AUTOS = YES_AGGRESSIVE;
				GCC_WARN_UNUSED_FUNCTION = YES;
				GCC_WARN_UNUSED_VARIABLE = YES;
				IPHONEOS_DEPLOYMENT_TARGET = 15.5;
				MTL_ENABLE_DEBUG_INFO = INCLUDE_SOURCE;
				MTL_FAST_MATH = YES;
				ONLY_ACTIVE_ARCH = YES;
				SDKROOT = iphoneos;
				SWIFT_ACTIVE_COMPILATION_CONDITIONS = DEBUG;
				SWIFT_OPTIMIZATION_LEVEL = "-Onone";
			};
			name = Debug;
		};
		6584E40328CA60A300C2CF23 /* Release */ = {
			isa = XCBuildConfiguration;
			buildSettings = {
				ALWAYS_SEARCH_USER_PATHS = NO;
				CLANG_ANALYZER_NONNULL = YES;
				CLANG_ANALYZER_NUMBER_OBJECT_CONVERSION = YES_AGGRESSIVE;
				CLANG_CXX_LANGUAGE_STANDARD = "gnu++17";
				CLANG_ENABLE_MODULES = YES;
				CLANG_ENABLE_OBJC_ARC = YES;
				CLANG_ENABLE_OBJC_WEAK = YES;
				CLANG_WARN_BLOCK_CAPTURE_AUTORELEASING = YES;
				CLANG_WARN_BOOL_CONVERSION = YES;
				CLANG_WARN_COMMA = YES;
				CLANG_WARN_CONSTANT_CONVERSION = YES;
				CLANG_WARN_DEPRECATED_OBJC_IMPLEMENTATIONS = YES;
				CLANG_WARN_DIRECT_OBJC_ISA_USAGE = YES_ERROR;
				CLANG_WARN_DOCUMENTATION_COMMENTS = YES;
				CLANG_WARN_EMPTY_BODY = YES;
				CLANG_WARN_ENUM_CONVERSION = YES;
				CLANG_WARN_INFINITE_RECURSION = YES;
				CLANG_WARN_INT_CONVERSION = YES;
				CLANG_WARN_NON_LITERAL_NULL_CONVERSION = YES;
				CLANG_WARN_OBJC_IMPLICIT_RETAIN_SELF = YES;
				CLANG_WARN_OBJC_LITERAL_CONVERSION = YES;
				CLANG_WARN_OBJC_ROOT_CLASS = YES_ERROR;
				CLANG_WARN_QUOTED_INCLUDE_IN_FRAMEWORK_HEADER = YES;
				CLANG_WARN_RANGE_LOOP_ANALYSIS = YES;
				CLANG_WARN_STRICT_PROTOTYPES = YES;
				CLANG_WARN_SUSPICIOUS_MOVE = YES;
				CLANG_WARN_UNGUARDED_AVAILABILITY = YES_AGGRESSIVE;
				CLANG_WARN_UNREACHABLE_CODE = YES;
				CLANG_WARN__DUPLICATE_METHOD_MATCH = YES;
				COPY_PHASE_STRIP = NO;
				DEBUG_INFORMATION_FORMAT = "dwarf-with-dsym";
				ENABLE_NS_ASSERTIONS = NO;
				ENABLE_STRICT_OBJC_MSGSEND = YES;
				GCC_C_LANGUAGE_STANDARD = gnu11;
				GCC_NO_COMMON_BLOCKS = YES;
				GCC_WARN_64_TO_32_BIT_CONVERSION = YES;
				GCC_WARN_ABOUT_RETURN_TYPE = YES_ERROR;
				GCC_WARN_UNDECLARED_SELECTOR = YES;
				GCC_WARN_UNINITIALIZED_AUTOS = YES_AGGRESSIVE;
				GCC_WARN_UNUSED_FUNCTION = YES;
				GCC_WARN_UNUSED_VARIABLE = YES;
				IPHONEOS_DEPLOYMENT_TARGET = 15.5;
				MTL_ENABLE_DEBUG_INFO = NO;
				MTL_FAST_MATH = YES;
				SDKROOT = iphoneos;
				SWIFT_COMPILATION_MODE = wholemodule;
				SWIFT_OPTIMIZATION_LEVEL = "-O";
				VALIDATE_PRODUCT = YES;
			};
			name = Release;
		};
		6584E40528CA60A300C2CF23 /* Debug */ = {
			isa = XCBuildConfiguration;
			baseConfigurationReference = D9F7F23F8AB8EEF62E36BBC5 /* Pods-Flix.debug.xcconfig */;
			buildSettings = {
				ASSETCATALOG_COMPILER_APPICON_NAME = AppIcon;
				ASSETCATALOG_COMPILER_GLOBAL_ACCENT_COLOR_NAME = AccentColor;
				CODE_SIGN_STYLE = Automatic;
				CURRENT_PROJECT_VERSION = 1;
				DEVELOPMENT_TEAM = B7FQ6454F9;
				GENERATE_INFOPLIST_FILE = YES;
				INFOPLIST_FILE = Flix/Info.plist;
				INFOPLIST_KEY_UIApplicationSupportsIndirectInputEvents = YES;
				INFOPLIST_KEY_UILaunchStoryboardName = LaunchScreen;
				INFOPLIST_KEY_UIMainStoryboardFile = Main;
				INFOPLIST_KEY_UISupportedInterfaceOrientations_iPad = "UIInterfaceOrientationPortrait UIInterfaceOrientationPortraitUpsideDown UIInterfaceOrientationLandscapeLeft UIInterfaceOrientationLandscapeRight";
				INFOPLIST_KEY_UISupportedInterfaceOrientations_iPhone = "UIInterfaceOrientationPortrait UIInterfaceOrientationLandscapeLeft UIInterfaceOrientationLandscapeRight";
				LD_RUNPATH_SEARCH_PATHS = (
					"$(inherited)",
					"@executable_path/Frameworks",
				);
				MARKETING_VERSION = 1.0;
				PRODUCT_BUNDLE_IDENTIFIER = com.codepath.Flix;
				PRODUCT_NAME = "$(TARGET_NAME)";
				SWIFT_EMIT_LOC_STRINGS = YES;
				SWIFT_VERSION = 5.0;
				TARGETED_DEVICE_FAMILY = "1,2";
			};
			name = Debug;
		};
		6584E40628CA60A300C2CF23 /* Release */ = {
			isa = XCBuildConfiguration;
			baseConfigurationReference = BA4CCE258CC2C02A932C5F56 /* Pods-Flix.release.xcconfig */;
			buildSettings = {
				ASSETCATALOG_COMPILER_APPICON_NAME = AppIcon;
				ASSETCATALOG_COMPILER_GLOBAL_ACCENT_COLOR_NAME = AccentColor;
				CODE_SIGN_STYLE = Automatic;
				CURRENT_PROJECT_VERSION = 1;
				DEVELOPMENT_TEAM = B7FQ6454F9;
				GENERATE_INFOPLIST_FILE = YES;
				INFOPLIST_FILE = Flix/Info.plist;
				INFOPLIST_KEY_UIApplicationSupportsIndirectInputEvents = YES;
				INFOPLIST_KEY_UILaunchStoryboardName = LaunchScreen;
				INFOPLIST_KEY_UIMainStoryboardFile = Main;
				INFOPLIST_KEY_UISupportedInterfaceOrientations_iPad = "UIInterfaceOrientationPortrait UIInterfaceOrientationPortraitUpsideDown UIInterfaceOrientationLandscapeLeft UIInterfaceOrientationLandscapeRight";
				INFOPLIST_KEY_UISupportedInterfaceOrientations_iPhone = "UIInterfaceOrientationPortrait UIInterfaceOrientationLandscapeLeft UIInterfaceOrientationLandscapeRight";
				LD_RUNPATH_SEARCH_PATHS = (
					"$(inherited)",
					"@executable_path/Frameworks",
				);
				MARKETING_VERSION = 1.0;
				PRODUCT_BUNDLE_IDENTIFIER = com.codepath.Flix;
				PRODUCT_NAME = "$(TARGET_NAME)";
				SWIFT_EMIT_LOC_STRINGS = YES;
				SWIFT_VERSION = 5.0;
				TARGETED_DEVICE_FAMILY = "1,2";
			};
			name = Release;
		};
		6584E40828CA60A300C2CF23 /* Debug */ = {
			isa = XCBuildConfiguration;
			baseConfigurationReference = 1A150828126DF0BA45D6CE9D /* Pods-FlixTests.debug.xcconfig */;
			buildSettings = {
				ALWAYS_EMBED_SWIFT_STANDARD_LIBRARIES = YES;
				BUNDLE_LOADER = "$(TEST_HOST)";
				CODE_SIGN_STYLE = Automatic;
				CURRENT_PROJECT_VERSION = 1;
				DEVELOPMENT_TEAM = B7FQ6454F9;
				GENERATE_INFOPLIST_FILE = YES;
				IPHONEOS_DEPLOYMENT_TARGET = 15.5;
				MARKETING_VERSION = 1.0;
				PRODUCT_BUNDLE_IDENTIFIER = com.codepath.FlixTests;
				PRODUCT_NAME = "$(TARGET_NAME)";
				SWIFT_EMIT_LOC_STRINGS = NO;
				SWIFT_VERSION = 5.0;
				TARGETED_DEVICE_FAMILY = "1,2";
				TEST_HOST = "$(BUILT_PRODUCTS_DIR)/Flix.app/Flix";
			};
			name = Debug;
		};
		6584E40928CA60A300C2CF23 /* Release */ = {
			isa = XCBuildConfiguration;
			baseConfigurationReference = A8F0DE037D73689C5DC70B56 /* Pods-FlixTests.release.xcconfig */;
			buildSettings = {
				ALWAYS_EMBED_SWIFT_STANDARD_LIBRARIES = YES;
				BUNDLE_LOADER = "$(TEST_HOST)";
				CODE_SIGN_STYLE = Automatic;
				CURRENT_PROJECT_VERSION = 1;
				DEVELOPMENT_TEAM = B7FQ6454F9;
				GENERATE_INFOPLIST_FILE = YES;
				IPHONEOS_DEPLOYMENT_TARGET = 15.5;
				MARKETING_VERSION = 1.0;
				PRODUCT_BUNDLE_IDENTIFIER = com.codepath.FlixTests;
				PRODUCT_NAME = "$(TARGET_NAME)";
				SWIFT_EMIT_LOC_STRINGS = NO;
				SWIFT_VERSION = 5.0;
				TARGETED_DEVICE_FAMILY = "1,2";
				TEST_HOST = "$(BUILT_PRODUCTS_DIR)/Flix.app/Flix";
			};
			name = Release;
		};
		6584E40B28CA60A300C2CF23 /* Debug */ = {
			isa = XCBuildConfiguration;
			baseConfigurationReference = 23D175AFD3751F83901B79B5 /* Pods-Flix-FlixUITests.debug.xcconfig */;
			buildSettings = {
				ALWAYS_EMBED_SWIFT_STANDARD_LIBRARIES = YES;
				CODE_SIGN_STYLE = Automatic;
				CURRENT_PROJECT_VERSION = 1;
				DEVELOPMENT_TEAM = B7FQ6454F9;
				GENERATE_INFOPLIST_FILE = YES;
				MARKETING_VERSION = 1.0;
				PRODUCT_BUNDLE_IDENTIFIER = com.codepath.FlixUITests;
				PRODUCT_NAME = "$(TARGET_NAME)";
				SWIFT_EMIT_LOC_STRINGS = NO;
				SWIFT_VERSION = 5.0;
				TARGETED_DEVICE_FAMILY = "1,2";
				TEST_TARGET_NAME = Flix;
			};
			name = Debug;
		};
		6584E40C28CA60A300C2CF23 /* Release */ = {
			isa = XCBuildConfiguration;
			baseConfigurationReference = EA64F4A1B8ABD472EFCF03E9 /* Pods-Flix-FlixUITests.release.xcconfig */;
			buildSettings = {
				ALWAYS_EMBED_SWIFT_STANDARD_LIBRARIES = YES;
				CODE_SIGN_STYLE = Automatic;
				CURRENT_PROJECT_VERSION = 1;
				DEVELOPMENT_TEAM = B7FQ6454F9;
				GENERATE_INFOPLIST_FILE = YES;
				MARKETING_VERSION = 1.0;
				PRODUCT_BUNDLE_IDENTIFIER = com.codepath.FlixUITests;
				PRODUCT_NAME = "$(TARGET_NAME)";
				SWIFT_EMIT_LOC_STRINGS = NO;
				SWIFT_VERSION = 5.0;
				TARGETED_DEVICE_FAMILY = "1,2";
				TEST_TARGET_NAME = Flix;
			};
			name = Release;
		};
/* End XCBuildConfiguration section */

/* Begin XCConfigurationList section */
		6584E3D528CA60A000C2CF23 /* Build configuration list for PBXProject "Flix" */ = {
			isa = XCConfigurationList;
			buildConfigurations = (
				6584E40228CA60A300C2CF23 /* Debug */,
				6584E40328CA60A300C2CF23 /* Release */,
			);
			defaultConfigurationIsVisible = 0;
			defaultConfigurationName = Release;
		};
		6584E40428CA60A300C2CF23 /* Build configuration list for PBXNativeTarget "Flix" */ = {
			isa = XCConfigurationList;
			buildConfigurations = (
				6584E40528CA60A300C2CF23 /* Debug */,
				6584E40628CA60A300C2CF23 /* Release */,
			);
			defaultConfigurationIsVisible = 0;
			defaultConfigurationName = Release;
		};
		6584E40728CA60A300C2CF23 /* Build configuration list for PBXNativeTarget "FlixTests" */ = {
			isa = XCConfigurationList;
			buildConfigurations = (
				6584E40828CA60A300C2CF23 /* Debug */,
				6584E40928CA60A300C2CF23 /* Release */,
			);
			defaultConfigurationIsVisible = 0;
			defaultConfigurationName = Release;
		};
		6584E40A28CA60A300C2CF23 /* Build configuration list for PBXNativeTarget "FlixUITests" */ = {
			isa = XCConfigurationList;
			buildConfigurations = (
				6584E40B28CA60A300C2CF23 /* Debug */,
				6584E40C28CA60A300C2CF23 /* Release */,
			);
			defaultConfigurationIsVisible = 0;
			defaultConfigurationName = Release;
		};
/* End XCConfigurationList section */

/* Begin XCRemoteSwiftPackageReference section */
		65F8FB2A28CC2F5600910B07 /* XCRemoteSwiftPackageReference "AlamofireImage" */ = {
			isa = XCRemoteSwiftPackageReference;
			repositoryURL = "https://github.com/Alamofire/AlamofireImage";
			requirement = {
				kind = upToNextMajorVersion;
				minimumVersion = 4.0.0;
			};
		};
/* End XCRemoteSwiftPackageReference section */

/* Begin XCSwiftPackageProductDependency section */
		65F8FB2B28CC2F5600910B07 /* AlamofireImage */ = {
			isa = XCSwiftPackageProductDependency;
			package = 65F8FB2A28CC2F5600910B07 /* XCRemoteSwiftPackageReference "AlamofireImage" */;
			productName = AlamofireImage;
		};
/* End XCSwiftPackageProductDependency section */
	};
	rootObject = 6584E3D228CA60A000C2CF23 /* Project object */;
}
